
Microsoft Visual Studio Solution File, Format Version 12.00
# Visual Studio Express 2013 for Web
VisualStudioVersion = 12.0.21005.1
MinimumVisualStudioVersion = 10.0.40219.1
Project("{FAE04EC0-301F-11D3-BF4B-00C04F79EFBC}") = "CurrencyInfo", "API\CurrencyInfo\CurrencyInfo\CurrencyInfo.csproj", "{0251A3CF-7328-4B57-8C95-28EBF8D97DE6}"
EndProject
Project("{FAE04EC0-301F-11D3-BF4B-00C04F79EFBC}") = "CurrencyConverter", "UI\CurrencyConverter\CurrencyConverter.csproj", "{05A9F583-C5E8-43BC-89C6-CD87FD82C97A}"
EndProject
Project("{2150E333-8FDC-42A3-9474-1A3956D46DE8}") = "Solution Items", "Solution Items", "{4CF626C0-4446-40D1-9215-86A48DBABA6E}"
	ProjectSection(SolutionItems) = preProject
		CurrencyConverterHTMLDocs.zip = CurrencyConverterHTMLDocs.zip
		API\SQL\dbo.tbCurrencies.sql = API\SQL\dbo.tbCurrencies.sql
		API\SQL\dbo.tbExchangeRates.sql = API\SQL\dbo.tbExchangeRates.sql
		API\SQL\dbo.vwExchangeRates.sql = API\SQL\dbo.vwExchangeRates.sql
	EndProjectSection
EndProject
Global
	GlobalSection(SolutionConfigurationPlatforms) = preSolution
		Debug|Any CPU = Debug|Any CPU
		Release|Any CPU = Release|Any CPU
	EndGlobalSection
	GlobalSection(ProjectConfigurationPlatforms) = postSolution
		{0251A3CF-7328-4B57-8C95-28EBF8D97DE6}.Debug|Any CPU.ActiveCfg = Debug|Any CPU
		{0251A3CF-7328-4B57-8C95-28EBF8D97DE6}.Debug|Any CPU.Build.0 = Debug|Any CPU
		{0251A3CF-7328-4B57-8C95-28EBF8D97DE6}.Release|Any CPU.ActiveCfg = Release|Any CPU
		{0251A3CF-7328-4B57-8C95-28EBF8D97DE6}.Release|Any CPU.Build.0 = Release|Any CPU
		{05A9F583-C5E8-43BC-89C6-CD87FD82C97A}.Debug|Any CPU.ActiveCfg = Debug|Any CPU
		{05A9F583-C5E8-43BC-89C6-CD87FD82C97A}.Debug|Any CPU.Build.0 = Debug|Any CPU
		{05A9F583-C5E8-43BC-89C6-CD87FD82C97A}.Release|Any CPU.ActiveCfg = Release|Any CPU
		{05A9F583-C5E8-43BC-89C6-CD87FD82C97A}.Release|Any CPU.Build.0 = Release|Any CPU
	EndGlobalSection
	GlobalSection(SolutionProperties) = preSolution
		HideSolutionNode = FALSE
	EndGlobalSection
EndGlobal
